
Microsoft Visual Studio Solution File, Format Version 12.00
# Visual Studio Version 17
VisualStudioVersion = 17.8.34330.188
MinimumVisualStudioVersion = 10.0.40219.1
Project("{9A19103F-16F7-4668-BE54-9A1E7A4F7556}") = "FahasaStoreAdminApp", "FahasaStoreAdminApp\FahasaStoreAdminApp.csproj", "{9CA8923C-E099-476F-A6F9-E4C8425A7792}"
EndProject
Global
	GlobalSection(SolutionConfigurationPlatforms) = preSolution
		Debug|Any CPU = Debug|Any CPU
		Release|Any CPU = Release|Any CPU
	EndGlobalSection
	GlobalSection(ProjectConfigurationPlatforms) = postSolution
		{9CA8923C-E099-476F-A6F9-E4C8425A7792}.Debug|Any CPU.ActiveCfg = Debug|Any CPU
		{9CA8923C-E099-476F-A6F9-E4C8425A7792}.Debug|Any CPU.Build.0 = Debug|Any CPU
		{9CA8923C-E099-476F-A6F9-E4C8425A7792}.Release|Any CPU.ActiveCfg = Release|Any CPU
		{9CA8923C-E099-476F-A6F9-E4C8425A7792}.Release|Any CPU.Build.0 = Release|Any CPU
	EndGlobalSection
	GlobalSection(SolutionProperties) = preSolution
		HideSolutionNode = FALSE
	EndGlobalSection
	GlobalSection(ExtensibilityGlobals) = postSolution
		SolutionGuid = {61F882CB-49D3-4408-8E6F-7F7A502349FC}
	EndGlobalSection
EndGlobal
